
Microsoft Visual Studio Solution File, Format Version 12.00
# Visual Studio Version 16
VisualStudioVersion = 16.0.33529.622
MinimumVisualStudioVersion = 10.0.40219.1
Project("{FAE04EC0-301F-11D3-BF4B-00C04F79EFBC}") = "Blog", "Blog\Blog.csproj", "{A599D330-9B06-4013-87A8-F469EDFA0F59}"
EndProject
Global
	GlobalSection(SolutionConfigurationPlatforms) = preSolution
		Debug|Any CPU = Debug|Any CPU
		Release|Any CPU = Release|Any CPU
	EndGlobalSection
	GlobalSection(ProjectConfigurationPlatforms) = postSolution
		{A599D330-9B06-4013-87A8-F469EDFA0F59}.Debug|Any CPU.ActiveCfg = Debug|Any CPU
		{A599D330-9B06-4013-87A8-F469EDFA0F59}.Debug|Any CPU.Build.0 = Debug|Any CPU
		{A599D330-9B06-4013-87A8-F469EDFA0F59}.Release|Any CPU.ActiveCfg = Release|Any CPU
		{A599D330-9B06-4013-87A8-F469EDFA0F59}.Release|Any CPU.Build.0 = Release|Any CPU
	EndGlobalSection
	GlobalSection(SolutionProperties) = preSolution
		HideSolutionNode = FALSE
	EndGlobalSection
	GlobalSection(ExtensibilityGlobals) = postSolution
		SolutionGuid = {A0F90F4F-30B9-48BD-A671-D9D0E2657D08}
	EndGlobalSection
EndGlobal
